
Microsoft Visual Studio Solution File, Format Version 12.00
# Visual Studio 2013
VisualStudioVersion = 12.0.31101.0
MinimumVisualStudioVersion = 10.0.40219.1
Project("{FAE04EC0-301F-11D3-BF4B-00C04F79EFBC}") = "1. Communication-Between-Controllers", "Communication-Between-Controllers\1. Communication-Between-Controllers.csproj", "{EE2BC940-08B2-4572-B3F5-D2B76B88172E}"
EndProject
Project("{FAE04EC0-301F-11D3-BF4B-00C04F79EFBC}") = "2. Communication-Inherited", "Communication-Inherited\2. Communication-Inherited.csproj", "{EAC13980-4BFC-4A0B-8DE7-A2268CC972B8}"
EndProject
Project("{FAE04EC0-301F-11D3-BF4B-00C04F79EFBC}") = "3. Communication-Events", "Communication-Events\3. Communication-Events.csproj", "{65F3A303-0BA6-450B-B559-5A032F0B0104}"
EndProject
Global
	GlobalSection(SolutionConfigurationPlatforms) = preSolution
		Debug|Any CPU = Debug|Any CPU
		Release|Any CPU = Release|Any CPU
	EndGlobalSection
	GlobalSection(ProjectConfigurationPlatforms) = postSolution
		{EE2BC940-08B2-4572-B3F5-D2B76B88172E}.Debug|Any CPU.ActiveCfg = Debug|Any CPU
		{EE2BC940-08B2-4572-B3F5-D2B76B88172E}.Debug|Any CPU.Build.0 = Debug|Any CPU
		{EE2BC940-08B2-4572-B3F5-D2B76B88172E}.Release|Any CPU.ActiveCfg = Release|Any CPU
		{EE2BC940-08B2-4572-B3F5-D2B76B88172E}.Release|Any CPU.Build.0 = Release|Any CPU
		{EAC13980-4BFC-4A0B-8DE7-A2268CC972B8}.Debug|Any CPU.ActiveCfg = Debug|Any CPU
		{EAC13980-4BFC-4A0B-8DE7-A2268CC972B8}.Debug|Any CPU.Build.0 = Debug|Any CPU
		{EAC13980-4BFC-4A0B-8DE7-A2268CC972B8}.Release|Any CPU.ActiveCfg = Release|Any CPU
		{EAC13980-4BFC-4A0B-8DE7-A2268CC972B8}.Release|Any CPU.Build.0 = Release|Any CPU
		{65F3A303-0BA6-450B-B559-5A032F0B0104}.Debug|Any CPU.ActiveCfg = Debug|Any CPU
		{65F3A303-0BA6-450B-B559-5A032F0B0104}.Debug|Any CPU.Build.0 = Debug|Any CPU
		{65F3A303-0BA6-450B-B559-5A032F0B0104}.Release|Any CPU.ActiveCfg = Release|Any CPU
		{65F3A303-0BA6-450B-B559-5A032F0B0104}.Release|Any CPU.Build.0 = Release|Any CPU
	EndGlobalSection
	GlobalSection(SolutionProperties) = preSolution
		HideSolutionNode = FALSE
	EndGlobalSection
EndGlobal
